
Microsoft Visual Studio Solution File, Format Version 12.00
# Visual Studio Version 16
VisualStudioVersion = 16.0.32002.261
MinimumVisualStudioVersion = 10.0.40219.1
Project("{FAE04EC0-301F-11D3-BF4B-00C04F79EFBC}") = "WindowsFormMergePDF", "WindowsFormMergePDF\WindowsFormMergePDF.csproj", "{D7CB4AF3-A565-4033-B5C9-44A3A8C1C4BE}"
EndProject
Global
	GlobalSection(SolutionConfigurationPlatforms) = preSolution
		Debug|Any CPU = Debug|Any CPU
		Release|Any CPU = Release|Any CPU
	EndGlobalSection
	GlobalSection(ProjectConfigurationPlatforms) = postSolution
		{D7CB4AF3-A565-4033-B5C9-44A3A8C1C4BE}.Debug|Any CPU.ActiveCfg = Debug|Any CPU
		{D7CB4AF3-A565-4033-B5C9-44A3A8C1C4BE}.Debug|Any CPU.Build.0 = Debug|Any CPU
		{D7CB4AF3-A565-4033-B5C9-44A3A8C1C4BE}.Release|Any CPU.ActiveCfg = Release|Any CPU
		{D7CB4AF3-A565-4033-B5C9-44A3A8C1C4BE}.Release|Any CPU.Build.0 = Release|Any CPU
	EndGlobalSection
	GlobalSection(SolutionProperties) = preSolution
		HideSolutionNode = FALSE
	EndGlobalSection
	GlobalSection(ExtensibilityGlobals) = postSolution
		SolutionGuid = {43DCD59C-4F07-4021-960F-E793B070477C}
	EndGlobalSection
EndGlobal
